# This file is automatically @generated by Cargo.
# It is not intended for manual editing.
version = 4

[[package]]
name = "memstapler"
version = "0.1.0"
dependencies = [
 "unwrap_or",
]

[[package]]
name = "unwrap_or"
version = "1.0.1"
source = "registry+https://github.com/rust-lang/crates.io-index"
checksum = "8f2fe1f049979528ce97d8a4672f984f8846fc9975be0cf14ca798116d724c4a"
